
Microsoft Visual Studio Solution File, Format Version 12.00
# Visual Studio Version 17
VisualStudioVersion = 17.9.34714.143
MinimumVisualStudioVersion = 10.0.40219.1
Project("{8BC9CEB8-8B4A-11D0-8D11-00A0C91BC942}") = "Chapter2_Array_Class", "Chapter2_Array_Class\Chapter2_Array_Class.vcxproj", "{8390A4A1-9D74-4A1F-8053-F355AD1B306F}"
EndProject
Global
	GlobalSection(SolutionConfigurationPlatforms) = preSolution
		Debug|x64 = Debug|x64
		Debug|x86 = Debug|x86
		Release|x64 = Release|x64
		Release|x86 = Release|x86
	EndGlobalSection
	GlobalSection(ProjectConfigurationPlatforms) = postSolution
		{8390A4A1-9D74-4A1F-8053-F355AD1B306F}.Debug|x64.ActiveCfg = Debug|x64
		{8390A4A1-9D74-4A1F-8053-F355AD1B306F}.Debug|x64.Build.0 = Debug|x64
		{8390A4A1-9D74-4A1F-8053-F355AD1B306F}.Debug|x86.ActiveCfg = Debug|Win32
		{8390A4A1-9D74-4A1F-8053-F355AD1B306F}.Debug|x86.Build.0 = Debug|Win32
		{8390A4A1-9D74-4A1F-8053-F355AD1B306F}.Release|x64.ActiveCfg = Release|x64
		{8390A4A1-9D74-4A1F-8053-F355AD1B306F}.Release|x64.Build.0 = Release|x64
		{8390A4A1-9D74-4A1F-8053-F355AD1B306F}.Release|x86.ActiveCfg = Release|Win32
		{8390A4A1-9D74-4A1F-8053-F355AD1B306F}.Release|x86.Build.0 = Release|Win32
	EndGlobalSection
	GlobalSection(SolutionProperties) = preSolution
		HideSolutionNode = FALSE
	EndGlobalSection
	GlobalSection(ExtensibilityGlobals) = postSolution
		SolutionGuid = {93778E1F-D13E-4FD1-BAF1-B8E4AD630566}
	EndGlobalSection
EndGlobal
